
Microsoft Visual Studio Solution File, Format Version 12.00
# Visual Studio Version 17
VisualStudioVersion = 17.0.31903.59
MinimumVisualStudioVersion = 10.0.40219.1
Project("{9A19103F-16F7-4668-BE54-9A1E7A4F7556}") = "Squeel", "Squeel\Squeel.csproj", "{F6539A4B-620F-4439-B0E1-4AEE187C0AC6}"
EndProject
Project("{FAE04EC0-301F-11D3-BF4B-00C04F79EFBC}") = "Squeel.UnitTests", "Squeel.UnitTests\Squeel.UnitTests.csproj", "{0C2AA86E-7834-47C4-99EB-A1AD20145F81}"
EndProject
Global
	GlobalSection(SolutionConfigurationPlatforms) = preSolution
		Debug|Any CPU = Debug|Any CPU
		Release|Any CPU = Release|Any CPU
	EndGlobalSection
	GlobalSection(ProjectConfigurationPlatforms) = postSolution
		{F6539A4B-620F-4439-B0E1-4AEE187C0AC6}.Debug|Any CPU.ActiveCfg = Debug|Any CPU
		{F6539A4B-620F-4439-B0E1-4AEE187C0AC6}.Debug|Any CPU.Build.0 = Debug|Any CPU
		{F6539A4B-620F-4439-B0E1-4AEE187C0AC6}.Release|Any CPU.ActiveCfg = Release|Any CPU
		{F6539A4B-620F-4439-B0E1-4AEE187C0AC6}.Release|Any CPU.Build.0 = Release|Any CPU
		{0C2AA86E-7834-47C4-99EB-A1AD20145F81}.Debug|Any CPU.ActiveCfg = Debug|Any CPU
		{0C2AA86E-7834-47C4-99EB-A1AD20145F81}.Debug|Any CPU.Build.0 = Debug|Any CPU
		{0C2AA86E-7834-47C4-99EB-A1AD20145F81}.Release|Any CPU.ActiveCfg = Release|Any CPU
		{0C2AA86E-7834-47C4-99EB-A1AD20145F81}.Release|Any CPU.Build.0 = Release|Any CPU
	EndGlobalSection
	GlobalSection(SolutionProperties) = preSolution
		HideSolutionNode = FALSE
	EndGlobalSection
	GlobalSection(ExtensibilityGlobals) = postSolution
		SolutionGuid = {AD692B3D-B2C4-412B-A5D9-E2C80150529A}
	EndGlobalSection
EndGlobal
